PODS:
  - Alamofire (5.4.1)
  - Gradients (0.3.0)
  - MBProgressHUD (1.2.0)
  - RxCocoa (6.1.0):
    - RxRelay (= 6.1.0)
    - RxSwift (= 6.1.0)
  - RxRelay (6.1.0):
    - RxSwift (= 6.1.0)
  - RxSwift (6.1.0)
  - SDWebImage (5.10.4):
    - SDWebImage/Core (= 5.10.4)
  - SDWebImage/Core (5.10.4)
  - SwiftyStarRatingView (1.0.4)

DEPENDENCIES:
  - Alamofire
  - Gradients
  - MBProgressHUD
  - RxCocoa
  - RxSwift
  - SDWebImage
  - SwiftyStarRatingView

SPEC REPOS:
  trunk:
    - Alamofire
    - Gradients
    - MBProgressHUD
    - RxCocoa
    - RxRelay
    - RxSwift
    - SDWebImage
    - SwiftyStarRatingView

SPEC CHECKSUMS:
  Alamofire: 2291f7d21ca607c491dd17642e5d40fdcda0e65c
  Gradients: d7e1be639692b86577616ee55ea96f54fb5f1de1
  MBProgressHUD: 3ee5efcc380f6a79a7cc9b363dd669c5e1ae7406
  RxCocoa: 5c51f02d562cbd94629f6c26cf0c80fe4ab8d343
  RxRelay: 483e1a19fad961b41f0b0c0bee506f46c1ae14fe
  RxSwift: a834e5c538e89eca0cae86f403f4fbf0336786ce
  SDWebImage: c666b97e1fa9c64b4909816a903322018f0a9c84
  SwiftyStarRatingView: a2b0057700e0adeb8e7442c55d99cb53b531d2f4

PODFILE CHECKSUM: e251b6da218a291b24e5bb8a42657e55249d32dd

COCOAPODS: 1.10.1
